
Microsoft Visual Studio Solution File, Format Version 12.00
# Visual Studio Version 17
VisualStudioVersion = 17.9.34728.123
MinimumVisualStudioVersion = 10.0.40219.1
Project("{FAE04EC0-301F-11D3-BF4B-00C04F79EFBC}") = "TFGAndroid", "TFGAndroid.csproj", "{B620885F-0C40-4D11-B245-BC3F9B3A61CB}"
EndProject
Global
	GlobalSection(SolutionConfigurationPlatforms) = preSolution
		Debug|Any CPU = Debug|Any CPU
		Release|Any CPU = Release|Any CPU
	EndGlobalSection
	GlobalSection(ProjectConfigurationPlatforms) = postSolution
		{B620885F-0C40-4D11-B245-BC3F9B3A61CB}.Debug|Any CPU.ActiveCfg = Debug|Any CPU
		{B620885F-0C40-4D11-B245-BC3F9B3A61CB}.Debug|Any CPU.Build.0 = Debug|Any CPU
		{B620885F-0C40-4D11-B245-BC3F9B3A61CB}.Debug|Any CPU.Deploy.0 = Debug|Any CPU
		{B620885F-0C40-4D11-B245-BC3F9B3A61CB}.Release|Any CPU.ActiveCfg = Release|Any CPU
		{B620885F-0C40-4D11-B245-BC3F9B3A61CB}.Release|Any CPU.Build.0 = Release|Any CPU
		{B620885F-0C40-4D11-B245-BC3F9B3A61CB}.Release|Any CPU.Deploy.0 = Release|Any CPU
	EndGlobalSection
	GlobalSection(SolutionProperties) = preSolution
		HideSolutionNode = FALSE
	EndGlobalSection
	GlobalSection(ExtensibilityGlobals) = postSolution
		SolutionGuid = {F7A4AC4B-BE3A-4AE7-BA28-54D9437CC2C3}
	EndGlobalSection
EndGlobal
